
Microsoft Visual Studio Solution File, Format Version 12.00
# Visual Studio Version 17
VisualStudioVersion = 17.4.33110.190
MinimumVisualStudioVersion = 10.0.40219.1
Project("{FAE04EC0-301F-11D3-BF4B-00C04F79EFBC}") = "BookShop.Server", "Server\BookShop.Server.csproj", "{6EF76B85-A4F9-4F96-9048-675EEC1A8ED2}"
EndProject
Project("{FAE04EC0-301F-11D3-BF4B-00C04F79EFBC}") = "BookShop.Client", "Client\BookShop.Client.csproj", "{12A3651A-83AA-48B6-B77E-E9CA3F16BF36}"
EndProject
Project("{FAE04EC0-301F-11D3-BF4B-00C04F79EFBC}") = "BookShop.Shared", "Shared\BookShop.Shared.csproj", "{2738B86A-9D39-4CFA-9826-C7F2D20735DE}"
EndProject
Global
	GlobalSection(SolutionConfigurationPlatforms) = preSolution
		Debug|Any CPU = Debug|Any CPU
		Release|Any CPU = Release|Any CPU
	EndGlobalSection
	GlobalSection(ProjectConfigurationPlatforms) = postSolution
		{6EF76B85-A4F9-4F96-9048-675EEC1A8ED2}.Debug|Any CPU.ActiveCfg = Debug|Any CPU
		{6EF76B85-A4F9-4F96-9048-675EEC1A8ED2}.Debug|Any CPU.Build.0 = Debug|Any CPU
		{6EF76B85-A4F9-4F96-9048-675EEC1A8ED2}.Release|Any CPU.ActiveCfg = Release|Any CPU
		{6EF76B85-A4F9-4F96-9048-675EEC1A8ED2}.Release|Any CPU.Build.0 = Release|Any CPU
		{12A3651A-83AA-48B6-B77E-E9CA3F16BF36}.Debug|Any CPU.ActiveCfg = Debug|Any CPU
		{12A3651A-83AA-48B6-B77E-E9CA3F16BF36}.Debug|Any CPU.Build.0 = Debug|Any CPU
		{12A3651A-83AA-48B6-B77E-E9CA3F16BF36}.Release|Any CPU.ActiveCfg = Release|Any CPU
		{12A3651A-83AA-48B6-B77E-E9CA3F16BF36}.Release|Any CPU.Build.0 = Release|Any CPU
		{2738B86A-9D39-4CFA-9826-C7F2D20735DE}.Debug|Any CPU.ActiveCfg = Debug|Any CPU
		{2738B86A-9D39-4CFA-9826-C7F2D20735DE}.Debug|Any CPU.Build.0 = Debug|Any CPU
		{2738B86A-9D39-4CFA-9826-C7F2D20735DE}.Release|Any CPU.ActiveCfg = Release|Any CPU
		{2738B86A-9D39-4CFA-9826-C7F2D20735DE}.Release|Any CPU.Build.0 = Release|Any CPU
	EndGlobalSection
	GlobalSection(SolutionProperties) = preSolution
		HideSolutionNode = FALSE
	EndGlobalSection
	GlobalSection(ExtensibilityGlobals) = postSolution
		SolutionGuid = {8792CE7F-13D0-44E1-B212-4C82C2E9AD51}
	EndGlobalSection
EndGlobal
